
Microsoft Visual Studio Solution File, Format Version 12.00
# Visual Studio Version 16
VisualStudioVersion = 16.0.32002.261
MinimumVisualStudioVersion = 10.0.40219.1
Project("{FAE04EC0-301F-11D3-BF4B-00C04F79EFBC}") = "RecepcjaHotelu", "RecepcjaHotelu\RecepcjaHotelu.csproj", "{FC35AB07-639B-41F3-8024-00C70641E2E2}"
EndProject
Global
	GlobalSection(SolutionConfigurationPlatforms) = preSolution
		Debug|Any CPU = Debug|Any CPU
		Release|Any CPU = Release|Any CPU
	EndGlobalSection
	GlobalSection(ProjectConfigurationPlatforms) = postSolution
		{FC35AB07-639B-41F3-8024-00C70641E2E2}.Debug|Any CPU.ActiveCfg = Debug|Any CPU
		{FC35AB07-639B-41F3-8024-00C70641E2E2}.Debug|Any CPU.Build.0 = Debug|Any CPU
		{FC35AB07-639B-41F3-8024-00C70641E2E2}.Release|Any CPU.ActiveCfg = Release|Any CPU
		{FC35AB07-639B-41F3-8024-00C70641E2E2}.Release|Any CPU.Build.0 = Release|Any CPU
	EndGlobalSection
	GlobalSection(SolutionProperties) = preSolution
		HideSolutionNode = FALSE
	EndGlobalSection
	GlobalSection(ExtensibilityGlobals) = postSolution
		SolutionGuid = {5698570B-65CF-4C43-8615-4E24EF7E9B04}
	EndGlobalSection
EndGlobal
